[[package]]
name = "gomoku"
version = "0.1.0"
dependencies = [
 "piston2d-graphics 0.26.0 (registry+https://github.com/rust-lang/crates.io-index)",
]

[[package]]
name = "interpolation"
version = "0.1.0"
source = "registry+https://github.com/rust-lang/crates.io-index"

[[package]]
name = "piston-float"
version = "0.3.0"
source = "registry+https://github.com/rust-lang/crates.io-index"

[[package]]
name = "piston-texture"
version = "0.6.0"
source = "registry+https://github.com/rust-lang/crates.io-index"

[[package]]
name = "piston-viewport"
version = "0.3.0"
source = "registry+https://github.com/rust-lang/crates.io-index"
dependencies = [
 "piston-float 0.3.0 (registry+https://github.com/rust-lang/crates.io-index)",
]

[[package]]
name = "piston2d-graphics"
version = "0.26.0"
source = "registry+https://github.com/rust-lang/crates.io-index"
dependencies = [
 "interpolation 0.1.0 (registry+https://github.com/rust-lang/crates.io-index)",
 "piston-texture 0.6.0 (registry+https://github.com/rust-lang/crates.io-index)",
 "piston-viewport 0.3.0 (registry+https://github.com/rust-lang/crates.io-index)",
 "read_color 1.0.0 (registry+https://github.com/rust-lang/crates.io-index)",
 "vecmath 0.3.1 (registry+https://github.com/rust-lang/crates.io-index)",
]

[[package]]
name = "read_color"
version = "1.0.0"
source = "registry+https://github.com/rust-lang/crates.io-index"

[[package]]
name = "vecmath"
version = "0.3.1"
source = "registry+https://github.com/rust-lang/crates.io-index"
dependencies = [
 "piston-float 0.3.0 (registry+https://github.com/rust-lang/crates.io-index)",
]

[metadata]
"checksum interpolation 0.1.0 (registry+https://github.com/rust-lang/crates.io-index)" = "84e53e2877f735534c2d3cdbb5ba1d04ee11107f599a1e811ab0ff3dd93fe66e"
"checksum piston-float 0.3.0 (registry+https://github.com/rust-lang/crates.io-index)" = "b058c3a640efd4bcf63266512e4bb03187192c1b29edd38b16d5a014613e3199"
"checksum piston-texture 0.6.0 (registry+https://github.com/rust-lang/crates.io-index)" = "3649b5f9d1ba48d95207976118e9e2ed473c1de36f6f79cc1b7ed5b75b655b61"
"checksum piston-viewport 0.3.0 (registry+https://github.com/rust-lang/crates.io-index)" = "9c5548a838fd9dc604c96d886c03c303f043a2d85f88719cca59dc7991d86343"
"checksum piston2d-graphics 0.26.0 (registry+https://github.com/rust-lang/crates.io-index)" = "c09f6be9257a440796af745f492ec947a7c9576897da7e62cf77fc3dc3ff45e3"
"checksum read_color 1.0.0 (registry+https://github.com/rust-lang/crates.io-index)" = "9f4c8858baa4ad3c8bcc156ae91a0ffe22b76a3975c40c49b4f04c15c6bce0da"
"checksum vecmath 0.3.1 (registry+https://github.com/rust-lang/crates.io-index)" = "1bdd6034ee9c1e5e12485f3e4120e12777f6c81cf43bf9a73bff98ed2b479afe"
